<Solution>
  <Project Path="CustomInspector.Editor.csproj" />
  <Project Path="NewAssembly.csproj" />
  <Project Path="CustomInspector.csproj" />
  <Project Path="CustomInspector.Helpers.Editor.csproj" />
  <Project Path="AssetUsageDetector.Editor.csproj" />
  <Project Path="Unity.Performance.Profile-Analyzer.Editor.csproj" />
  <Project Path="Unity.Performance.Profile-Analyzer.EditorTests.csproj" />
  <Project Path="AllIn1SpriteShaderAssembly.csproj" />
  <Project Path="myEditor.csproj" />
  <Project Path="CustomInspector.Helpers.csproj" />
  <Project Path="Project.Internal.csproj" />
  <Project Path="EZhex1991.EZSoftBone.csproj" />
  <Project Path="Assembly-CSharp.csproj" />
  <Project Path="Unity.InputSystem.RebindingUI.csproj" />
  <Project Path="CustomInspector.Documentation.Editor.csproj" />
  <Project Path="EZhex1991.EZSoftBone.Editor.csproj" />
  <Project Path="CustomInspector.Demo.csproj" />
  <Project Path="myShared.csproj" />
</Solution>
